
Microsoft Visual Studio Solution File, Format Version 12.00
# Visual Studio Version 16
VisualStudioVersion = 16.0.30503.244
MinimumVisualStudioVersion = 10.0.40219.1
Project("{FAE04EC0-301F-11D3-BF4B-00C04F79EFBC}") = "GenAnnounce", "GenAnnounce.csproj", "{7EE3071E-49EE-4246-808C-259FA6B3435B}"
EndProject
Project("{FAE04EC0-301F-11D3-BF4B-00C04F79EFBC}") = "GenAnnounceUI", "..\GenAnnounceUI\GenAnnounceUI.csproj", "{C9167CED-B1AC-4D9E-8A2D-F005FE850E0E}"
EndProject
Global
	GlobalSection(SolutionConfigurationPlatforms) = preSolution
		Debug|Any CPU = Debug|Any CPU
		Release|Any CPU = Release|Any CPU
	EndGlobalSection
	GlobalSection(ProjectConfigurationPlatforms) = postSolution
		{7EE3071E-49EE-4246-808C-259FA6B3435B}.Debug|Any CPU.ActiveCfg = Debug|Any CPU
		{7EE3071E-49EE-4246-808C-259FA6B3435B}.Debug|Any CPU.Build.0 = Debug|Any CPU
		{7EE3071E-49EE-4246-808C-259FA6B3435B}.Release|Any CPU.ActiveCfg = Release|Any CPU
		{7EE3071E-49EE-4246-808C-259FA6B3435B}.Release|Any CPU.Build.0 = Release|Any CPU
		{C9167CED-B1AC-4D9E-8A2D-F005FE850E0E}.Debug|Any CPU.ActiveCfg = Debug|Any CPU
		{C9167CED-B1AC-4D9E-8A2D-F005FE850E0E}.Debug|Any CPU.Build.0 = Debug|Any CPU
		{C9167CED-B1AC-4D9E-8A2D-F005FE850E0E}.Release|Any CPU.ActiveCfg = Release|Any CPU
		{C9167CED-B1AC-4D9E-8A2D-F005FE850E0E}.Release|Any CPU.Build.0 = Release|Any CPU
	EndGlobalSection
	GlobalSection(SolutionProperties) = preSolution
		HideSolutionNode = FALSE
	EndGlobalSection
	GlobalSection(ExtensibilityGlobals) = postSolution
		SolutionGuid = {52A39D8A-C94B-411D-B78D-244A7E78FC3A}
	EndGlobalSection
EndGlobal
